
Microsoft Visual Studio Solution File, Format Version 12.00
# Visual Studio Version 16
VisualStudioVersion = 16.0.30611.23
MinimumVisualStudioVersion = 10.0.40219.1
Project("{FAE04EC0-301F-11D3-BF4B-00C04F79EFBC}") = "DigitalClockWinFormApp", "DigitalClockWinFormApp.csproj", "{38D6C4F9-1A03-41A0-BA9F-F0469A6AACEC}"
EndProject
Global
	GlobalSection(SolutionConfigurationPlatforms) = preSolution
		Debug|Any CPU = Debug|Any CPU
		Release|Any CPU = Release|Any CPU
	EndGlobalSection
	GlobalSection(ProjectConfigurationPlatforms) = postSolution
		{38D6C4F9-1A03-41A0-BA9F-F0469A6AACEC}.Debug|Any CPU.ActiveCfg = Debug|Any CPU
		{38D6C4F9-1A03-41A0-BA9F-F0469A6AACEC}.Debug|Any CPU.Build.0 = Debug|Any CPU
		{38D6C4F9-1A03-41A0-BA9F-F0469A6AACEC}.Release|Any CPU.ActiveCfg = Release|Any CPU
		{38D6C4F9-1A03-41A0-BA9F-F0469A6AACEC}.Release|Any CPU.Build.0 = Release|Any CPU
	EndGlobalSection
	GlobalSection(SolutionProperties) = preSolution
		HideSolutionNode = FALSE
	EndGlobalSection
	GlobalSection(ExtensibilityGlobals) = postSolution
		SolutionGuid = {2566BD8B-93C0-44DE-A792-88D02206A415}
	EndGlobalSection
EndGlobal
